
Microsoft Visual Studio Solution File, Format Version 12.00
# Visual Studio 15
VisualStudioVersion = 15.0.28307.168
MinimumVisualStudioVersion = 10.0.40219.1
Project("{FAE04EC0-301F-11D3-BF4B-00C04F79EFBC}") = "test_api", "test_api\test_api.csproj", "{189AD3D2-2E6F-40C1-92D0-E8E594AF3604}"
EndProject
Global
	GlobalSection(SolutionConfigurationPlatforms) = preSolution
		Debug|Any CPU = Debug|Any CPU
		Release|Any CPU = Release|Any CPU
	EndGlobalSection
	GlobalSection(ProjectConfigurationPlatforms) = postSolution
		{189AD3D2-2E6F-40C1-92D0-E8E594AF3604}.Debug|Any CPU.ActiveCfg = Debug|Any CPU
		{189AD3D2-2E6F-40C1-92D0-E8E594AF3604}.Debug|Any CPU.Build.0 = Debug|Any CPU
		{189AD3D2-2E6F-40C1-92D0-E8E594AF3604}.Release|Any CPU.ActiveCfg = Release|Any CPU
		{189AD3D2-2E6F-40C1-92D0-E8E594AF3604}.Release|Any CPU.Build.0 = Release|Any CPU
	EndGlobalSection
	GlobalSection(SolutionProperties) = preSolution
		HideSolutionNode = FALSE
	EndGlobalSection
	GlobalSection(ExtensibilityGlobals) = postSolution
		SolutionGuid = {CEF0961C-0DC4-47AA-845E-E2BE0FE85DE1}
	EndGlobalSection
EndGlobal
